# THIS IS AN AUTOGENERATED FILE. DO NOT EDIT THIS FILE DIRECTLY.
# yarn lockfile v1


add-dom-event-listener@1.x:
  version "1.0.1"
  resolved "https://registry.yarnpkg.com/add-dom-event-listener/-/add-dom-event-listener-1.0.1.tgz#70e74d0692b27108f9740554e0fa80a4683c2eb2"
  dependencies:
    object-assign "4.x"

assertion-error@^1.0.1:
  version "1.0.2"
  resolved "https://registry.yarnpkg.com/assertion-error/-/assertion-error-1.0.2.tgz#13ca515d86206da0bac66e834dd397d87581094c"

chai@^3.5.0:
  version "3.5.0"
  resolved "https://registry.yarnpkg.com/chai/-/chai-3.5.0.tgz#4d02637b067fe958bdbfdd3a40ec56fef7373247"
  dependencies:
    assertion-error "^1.0.1"
    deep-eql "^0.1.3"
    type-detect "^1.0.0"

classnames@2.x, classnames@^2.2.0, classnames@^2.2.4:
  version "2.2.5"
  resolved "https://registry.yarnpkg.com/classnames/-/classnames-2.2.5.tgz#fb3801d453467649ef3603c7d61a02bd129bde6d"

deep-eql@^0.1.3:
  version "0.1.3"
  resolved "https://registry.yarnpkg.com/deep-eql/-/deep-eql-0.1.3.tgz#ef558acab8de25206cd713906d74e56930eb69f2"
  dependencies:
    type-detect "0.1.1"

detect-font@^0.1.3:
  version "0.1.3"
  resolved "https://registry.yarnpkg.com/detect-font/-/detect-font-0.1.3.tgz#49f892669fe3e2412878b1e7c22f5d41d402cd21"
  dependencies:
    is-element "^0.1.0"

is-element@^0.1.0:
  version "0.1.0"
  resolved "https://registry.yarnpkg.com/is-element/-/is-element-0.1.0.tgz#c43478df14ab02b7c66d7498fb5456600bfef1fb"

lodash._getnative@^3.0.0:
  version "3.9.1"
  resolved "https://registry.yarnpkg.com/lodash._getnative/-/lodash._getnative-3.9.1.tgz#570bc7dede46d61cdcde687d65d3eecbaa3aaff5"

lodash.isarguments@^3.0.0:
  version "3.1.0"
  resolved "https://registry.yarnpkg.com/lodash.isarguments/-/lodash.isarguments-3.1.0.tgz#2f573d85c6a24289ff00663b491c1d338ff3458a"

lodash.isarray@^3.0.0:
  version "3.0.4"
  resolved "https://registry.yarnpkg.com/lodash.isarray/-/lodash.isarray-3.0.4.tgz#79e4eb88c36a8122af86f844aa9bcd851b5fbb55"

lodash.keys@^3.1.2:
  version "3.1.2"
  resolved "https://registry.yarnpkg.com/lodash.keys/-/lodash.keys-3.1.2.tgz#4dbc0472b156be50a0b286855d1bd0b0c656098a"
  dependencies:
    lodash._getnative "^3.0.0"
    lodash.isarguments "^3.0.0"
    lodash.isarray "^3.0.0"

lodash@^4.0.1:
  version "4.17.2"
  resolved "https://registry.yarnpkg.com/lodash/-/lodash-4.17.2.tgz#34a3055babe04ce42467b607d700072c7ff6bf42"

material-colors@^1.0.0:
  version "1.2.0"
  resolved "https://registry.yarnpkg.com/material-colors/-/material-colors-1.2.0.tgz#956f0c87660882333cff7b7557efb7b03592820e"

merge@^1.2.0:
  version "1.2.0"
  resolved "https://registry.yarnpkg.com/merge/-/merge-1.2.0.tgz#7531e39d4949c281a66b8c5a6e0265e8b05894da"

object-assign@4.x, object-assign@^4.1.0:
  version "4.1.0"
  resolved "https://registry.yarnpkg.com/object-assign/-/object-assign-4.1.0.tgz#7a3b3d0e98063d43f4c03f2e8ae6cd51a86883a0"

rc-checkbox@^1.4.3:
  version "1.4.3"
  resolved "https://registry.yarnpkg.com/rc-checkbox/-/rc-checkbox-1.4.3.tgz#b951befecc5d2f892d7a2629f9e107badf1c75c6"
  dependencies:
    classnames "2.x"
    rc-util "^4.0.1"

rc-util@^4.0.1:
  version "4.0.1"
  resolved "https://registry.yarnpkg.com/rc-util/-/rc-util-4.0.1.tgz#9605c86a9768a9640268d4094e32b5b4ceeee228"
  dependencies:
    add-dom-event-listener "1.x"
    shallowequal "^0.2.2"

react-color@^2.5.0:
  version "2.8.0"
  resolved "https://registry.yarnpkg.com/react-color/-/react-color-2.8.0.tgz#1be6d00c8ef78072ef2245eb03070e850d109b66"
  dependencies:
    lodash "^4.0.1"
    material-colors "^1.0.0"
    reactcss "^1.1.1"
    tinycolor2 "^1.1.2"

react-input-autosize@^1.1.0:
  version "1.1.0"
  resolved "https://registry.yarnpkg.com/react-input-autosize/-/react-input-autosize-1.1.0.tgz#3fe1ac832387d8abab85f6051ceab1c9e5570853"

react-select@^1.0.0-rc.2:
  version "1.0.0-rc.2"
  resolved "https://registry.yarnpkg.com/react-select/-/react-select-1.0.0-rc.2.tgz#9fc11b149a3dc1ac831289d21b40a59742f82f8d"
  dependencies:
    classnames "^2.2.4"
    react-input-autosize "^1.1.0"

reactcss@^1.1.1:
  version "1.1.1"
  resolved "https://registry.yarnpkg.com/reactcss/-/reactcss-1.1.1.tgz#9f16fc737fae08daa23bf8a3429bd9f54e162b52"
  dependencies:
    classnames "^2.2.0"
    lodash "^4.0.1"
    merge "^1.2.0"
    object-assign "^4.1.0"

shallowequal@^0.2.2:
  version "0.2.2"
  resolved "https://registry.yarnpkg.com/shallowequal/-/shallowequal-0.2.2.tgz#1e32fd5bcab6ad688a4812cb0cc04efc75c7014e"
  dependencies:
    lodash.keys "^3.1.2"

sift@^3.2.6:
  version "3.2.6"
  resolved "https://registry.yarnpkg.com/sift/-/sift-3.2.6.tgz#ae1b7493614df5fb5f6557732d4f4f026ef340c8"

tinycolor2@^1.1.2, tinycolor2@^1.4.1:
  version "1.4.1"
  resolved "https://registry.yarnpkg.com/tinycolor2/-/tinycolor2-1.4.1.tgz#f4fad333447bc0b07d4dc8e9209d8f39a8ac77e8"

type-detect@0.1.1:
  version "0.1.1"
  resolved "https://registry.yarnpkg.com/type-detect/-/type-detect-0.1.1.tgz#0ba5ec2a885640e470ea4e8505971900dac58822"

type-detect@^1.0.0:
  version "1.0.0"
  resolved "https://registry.yarnpkg.com/type-detect/-/type-detect-1.0.0.tgz#762217cc06db258ec48908a1298e8b95121e8ea2"
