{
  "name": "fsbox",
  "version": "10.1.38",
  "lockfileVersion": 1,
  "requires": true,
  "dependencies": {
    "@babel/runtime": {
      "version": "7.6.0",
      "resolved": "https://registry.npmjs.org/@babel/runtime/-/runtime-7.6.0.tgz",
      "integrity": "sha512-89eSBLJsxNxOERC0Op4vd+0Bqm6wRMqMbFtV3i0/fbaWw/mJ8Q3eBvgX0G4SyrOOLCtbu98HspF8o09MRT+KzQ==",
      "requires": {
        "regenerator-runtime": "^0.13.2"
      }
    },
    "@redux-saga/core": {
      "version": "1.0.3",
      "resolved": "https://registry.npmjs.org/@redux-saga/core/-/core-1.0.3.tgz",
      "integrity": "sha512-zf8h5N0oTzaNeSMxOWH9GJMB9IRSM8JubDsrZVsvVltXjzFFSR8DNt7tbPoRJUK0hFfQB1it+bL+dEMWpD7wXA==",
      "requires": {
        "@babel/runtime": "^7.0.0",
        "@redux-saga/deferred": "^1.0.1",
        "@redux-saga/delay-p": "^1.0.1",
        "@redux-saga/is": "^1.0.2",
        "@redux-saga/symbols": "^1.0.1",
        "@redux-saga/types": "^1.0.2",
        "redux": ">=0.10 <5",
        "typescript-tuple": "^2.1.0"
      }
    },
    "@redux-saga/deferred": {
      "version": "1.0.1",
      "resolved": "https://registry.npmjs.org/@redux-saga/deferred/-/deferred-1.0.1.tgz",
      "integrity": "sha512-+gW5xQ93QXOOmRLAmX8x2Hx1HpbTG6CM6+HcdTSbJovh4uMWaGyeDECnqXSt8QqA/ja3s2nqYXLqXFKepIQ1hw=="
    },
    "@redux-saga/delay-p": {
      "version": "1.0.1",
      "resolved": "https://registry.npmjs.org/@redux-saga/delay-p/-/delay-p-1.0.1.tgz",
      "integrity": "sha512-0SnNDyDLUyB4NThtptAwiprNOnbCNhoed/Rp5JwS7SB+a/AdWynVgg/E6BmjsggLFNr07KW0bzn05tsPRBuU7Q==",
      "requires": {
        "@redux-saga/symbols": "^1.0.1"
      }
    },
    "@redux-saga/is": {
      "version": "1.0.2",
      "resolved": "https://registry.npmjs.org/@redux-saga/is/-/is-1.0.2.tgz",
      "integrity": "sha512-WnaUOwYvPK2waWjzebT4uhL8zY76XNkzzpJ2EQJe8bN1tByvAjvT7MuJZTSshOhdHL5PsRO0MsH224XIXBJidQ==",
      "requires": {
        "@redux-saga/symbols": "^1.0.1",
        "@redux-saga/types": "^1.0.2"
      }
    },
    "@redux-saga/symbols": {
      "version": "1.0.1",
      "resolved": "https://registry.npmjs.org/@redux-saga/symbols/-/symbols-1.0.1.tgz",
      "integrity": "sha512-akKkzcVnb1RzJaZV2LQFbi51abvdICMuAKwwLoCjjxLbLAGIw9EJxk5ucNnWSSCEsoEQMeol5tkAcK+Xzuv1Bg=="
    },
    "@redux-saga/types": {
      "version": "1.0.2",
      "resolved": "https://registry.npmjs.org/@redux-saga/types/-/types-1.0.2.tgz",
      "integrity": "sha512-8/qcMh15507AnXJ3lBeuhsdFwnWQqnp68EpUuHlYPixJ5vjVmls7/Jq48cnUlrZI8Jd9U1jkhfCl0gaT5KMgVw=="
    },
    "@types/lodash": {
      "version": "4.14.123",
      "resolved": "https://registry.npmjs.org/@types/lodash/-/lodash-4.14.123.tgz",
      "integrity": "sha512-pQvPkc4Nltyx7G1Ww45OjVqUsJP4UsZm+GWJpigXgkikZqJgRm4c48g027o6tdgubWHwFRF15iFd+Y4Pmqv6+Q==",
      "dev": true
    },
    "@types/node": {
      "version": "10.14.4",
      "resolved": "https://registry.npmjs.org/@types/node/-/node-10.14.4.tgz",
      "integrity": "sha512-DT25xX/YgyPKiHFOpNuANIQIVvYEwCWXgK2jYYwqgaMrYE6+tq+DtmMwlD3drl6DJbUwtlIDnn0d7tIn/EbXBg==",
      "dev": true
    },
    "@types/redux": {
      "version": "3.6.0",
      "resolved": "https://registry.npmjs.org/@types/redux/-/redux-3.6.0.tgz",
      "integrity": "sha1-8evh5UEVGAcuT9/KXHbhbnTBOZo=",
      "dev": true,
      "requires": {
        "redux": "*"
      }
    },
    "js-tokens": {
      "version": "4.0.0",
      "resolved": "https://registry.npmjs.org/js-tokens/-/js-tokens-4.0.0.tgz",
      "integrity": "sha512-RdJUflcE3cUzKiMqQgsCu06FPu9UdIJO0beYbPhHN4k6apgJtifcoCtT9bcxOpYBtpD2kCM6Sbzg4CausW/PKQ=="
    },
    "lodash": {
      "version": "4.17.15",
      "resolved": "https://registry.npmjs.org/lodash/-/lodash-4.17.15.tgz",
      "integrity": "sha512-8xOcRHvCjnocdS5cpwXQXVzmmh5e5+saE2QGoeQmbKmRS6J3VQppPOIt0MnmE+4xlZoumy0GPG0D0MVIQbNA1A=="
    },
    "loose-envify": {
      "version": "1.4.0",
      "resolved": "https://registry.npmjs.org/loose-envify/-/loose-envify-1.4.0.tgz",
      "integrity": "sha512-lyuxPGr/Wfhrlem2CL/UcnUc1zcqKAImBDzukY7Y5F/yQiNdko6+fRLevlw1HgMySw7f611UIY408EtxRSoK3Q==",
      "requires": {
        "js-tokens": "^3.0.0 || ^4.0.0"
      }
    },
    "mime-db": {
      "version": "1.39.0",
      "resolved": "https://registry.npmjs.org/mime-db/-/mime-db-1.39.0.tgz",
      "integrity": "sha512-DTsrw/iWVvwHH+9Otxccdyy0Tgiil6TWK/xhfARJZF/QFhwOgZgOIvA2/VIGpM8U7Q8z5nDmdDWC6tuVMJNibw=="
    },
    "mime-types": {
      "version": "2.1.23",
      "resolved": "https://registry.npmjs.org/mime-types/-/mime-types-2.1.23.tgz",
      "integrity": "sha512-ROk/m+gMVSrRxTkMlaQOvFmFmYDc7sZgrjjM76abqmd2Cc5fCV7jAMA5XUccEtJ3cYiYdgixUVI+fApc2LkXlw==",
      "requires": {
        "mime-db": "~1.39.0"
      }
    },
    "redux": {
      "version": "4.0.1",
      "resolved": "https://registry.npmjs.org/redux/-/redux-4.0.1.tgz",
      "integrity": "sha512-R7bAtSkk7nY6O/OYMVR9RiBI+XghjF9rlbl5806HJbQph0LJVHZrU5oaO4q70eUKiqMRqm4y07KLTlMZ2BlVmg==",
      "requires": {
        "loose-envify": "^1.4.0",
        "symbol-observable": "^1.2.0"
      }
    },
    "redux-saga": {
      "version": "1.0.5",
      "resolved": "https://registry.npmjs.org/redux-saga/-/redux-saga-1.0.5.tgz",
      "integrity": "sha512-ytGFtaHyz6NQMQp7/LpQ/6CtOkbPRCcAeljUpc4c95hRm5U6dFvrRiZHeBPuQZ56L3oXfTX3hiYh8/3ZudsiNg==",
      "requires": {
        "@redux-saga/core": "^1.0.3"
      }
    },
    "regenerator-runtime": {
      "version": "0.13.3",
      "resolved": "https://registry.npmjs.org/regenerator-runtime/-/regenerator-runtime-0.13.3.tgz",
      "integrity": "sha512-naKIZz2GQ8JWh///G7L3X6LaQUAMp2lvb1rvwwsURe/VXwD6VMfr+/1NuNw3ag8v2kY1aQ/go5SNn79O9JU7yw=="
    },
    "symbol-observable": {
      "version": "1.2.0",
      "resolved": "https://registry.npmjs.org/symbol-observable/-/symbol-observable-1.2.0.tgz",
      "integrity": "sha512-e900nM8RRtGhlV36KGEU9k65K3mPb1WV70OdjfxlG2EAuM1noi/E/BaW/uMhL7bPEssK8QV57vN3esixjUvcXQ=="
    },
    "tandem-common": {
      "version": "10.1.38",
      "requires": {
        "crc32": "^0.2.2",
        "lodash": "^4.17.15",
        "lru-cache": "^4.1.3",
        "xml-js": "^1.6.4"
      },
      "dependencies": {
        "@samverschueren/stream-to-observable": {
          "version": "0.3.0",
          "bundled": true,
          "requires": {
            "any-observable": "^0.3.0"
          }
        },
        "@types/node": {
          "version": "10.14.4",
          "bundled": true
        },
        "ansi-escapes": {
          "version": "3.2.0",
          "bundled": true
        },
        "ansi-regex": {
          "version": "3.0.0",
          "bundled": true
        },
        "ansi-styles": {
          "version": "3.2.1",
          "bundled": true,
          "requires": {
            "color-convert": "^1.9.0"
          }
        },
        "any-observable": {
          "version": "0.3.0",
          "bundled": true
        },
        "argparse": {
          "version": "1.0.10",
          "bundled": true,
          "requires": {
            "sprintf-js": "~1.0.2"
          }
        },
        "arr-diff": {
          "version": "4.0.0",
          "bundled": true
        },
        "arr-flatten": {
          "version": "1.1.0",
          "bundled": true
        },
        "arr-union": {
          "version": "3.1.0",
          "bundled": true
        },
        "array-unique": {
          "version": "0.3.2",
          "bundled": true
        },
        "assign-symbols": {
          "version": "1.0.0",
          "bundled": true
        },
        "atob": {
          "version": "2.1.2",
          "bundled": true
        },
        "base": {
          "version": "0.11.2",
          "bundled": true,
          "requires": {
            "cache-base": "^1.0.1",
            "class-utils": "^0.3.5",
            "component-emitter": "^1.2.1",
            "define-property": "^1.0.0",
            "isobject": "^3.0.1",
            "mixin-deep": "^1.2.0",
            "pascalcase": "^0.1.1"
          },
          "dependencies": {
            "define-property": {
              "version": "1.0.0",
              "bundled": true,
              "requires": {
                "is-descriptor": "^1.0.0"
              }
            },
            "is-accessor-descriptor": {
              "version": "1.0.0",
              "bundled": true,
              "requires": {
                "kind-of": "^6.0.0"
              }
            },
            "is-data-descriptor": {
              "version": "1.0.0",
              "bundled": true,
              "requires": {
                "kind-of": "^6.0.0"
              }
            },
            "is-descriptor": {
              "version": "1.0.2",
              "bundled": true,
              "requires": {
                "is-accessor-descriptor": "^1.0.0",
                "is-data-descriptor": "^1.0.0",
                "kind-of": "^6.0.2"
              }
            }
          }
        },
        "braces": {
          "version": "2.3.2",
          "bundled": true,
          "requires": {
            "arr-flatten": "^1.1.0",
            "array-unique": "^0.3.2",
            "extend-shallow": "^2.0.1",
            "fill-range": "^4.0.0",
            "isobject": "^3.0.1",
            "repeat-element": "^1.1.2",
            "snapdragon": "^0.8.1",
            "snapdragon-node": "^2.0.1",
            "split-string": "^3.0.2",
            "to-regex": "^3.0.1"
          },
          "dependencies": {
            "extend-shallow": {
              "version": "2.0.1",
              "bundled": true,
              "requires": {
                "is-extendable": "^0.1.0"
              }
            }
          }
        },
        "cache-base": {
          "version": "1.0.1",
          "bundled": true,
          "requires": {
            "collection-visit": "^1.0.0",
            "component-emitter": "^1.2.1",
            "get-value": "^2.0.6",
            "has-value": "^1.0.0",
            "isobject": "^3.0.1",
            "set-value": "^2.0.0",
            "to-object-path": "^0.3.0",
            "union-value": "^1.0.0",
            "unset-value": "^1.0.0"
          }
        },
        "caller-callsite": {
          "version": "2.0.0",
          "bundled": true,
          "requires": {
            "callsites": "^2.0.0"
          }
        },
        "caller-path": {
          "version": "2.0.0",
          "bundled": true,
          "requires": {
            "caller-callsite": "^2.0.0"
          }
        },
        "callsites": {
          "version": "2.0.0",
          "bundled": true
        },
        "chalk": {
          "version": "2.4.2",
          "bundled": true,
          "requires": {
            "ansi-styles": "^3.2.1",
            "escape-string-regexp": "^1.0.5",
            "supports-color": "^5.3.0"
          }
        },
        "ci-info": {
          "version": "1.6.0",
          "bundled": true
        },
        "class-utils": {
          "version": "0.3.6",
          "bundled": true,
          "requires": {
            "arr-union": "^3.1.0",
            "define-property": "^0.2.5",
            "isobject": "^3.0.0",
            "static-extend": "^0.1.1"
          },
          "dependencies": {
            "define-property": {
              "version": "0.2.5",
              "bundled": true,
              "requires": {
                "is-descriptor": "^0.1.0"
              }
            }
          }
        },
        "cli-cursor": {
          "version": "2.1.0",
          "bundled": true,
          "requires": {
            "restore-cursor": "^2.0.0"
          }
        },
        "cli-truncate": {
          "version": "0.2.1",
          "bundled": true,
          "requires": {
            "slice-ansi": "0.0.4",
            "string-width": "^1.0.1"
          }
        },
        "code-point-at": {
          "version": "1.1.0",
          "bundled": true
        },
        "collection-visit": {
          "version": "1.0.0",
          "bundled": true,
          "requires": {
            "map-visit": "^1.0.0",
            "object-visit": "^1.0.0"
          }
        },
        "color-convert": {
          "version": "1.9.3",
          "bundled": true,
          "requires": {
            "color-name": "1.1.3"
          }
        },
        "color-name": {
          "version": "1.1.3",
          "bundled": true
        },
        "commander": {
          "version": "2.20.0",
          "bundled": true
        },
        "component-emitter": {
          "version": "1.3.0",
          "bundled": true
        },
        "copy-descriptor": {
          "version": "0.1.1",
          "bundled": true
        },
        "cosmiconfig": {
          "version": "5.2.0",
          "bundled": true,
          "requires": {
            "import-fresh": "^2.0.0",
            "is-directory": "^0.3.1",
            "js-yaml": "^3.13.0",
            "parse-json": "^4.0.0"
          }
        },
        "crc32": {
          "version": "0.2.2",
          "bundled": true
        },
        "cross-spawn": {
          "version": "5.1.0",
          "bundled": true,
          "requires": {
            "lru-cache": "^4.0.1",
            "shebang-command": "^1.2.0",
            "which": "^1.2.9"
          }
        },
        "date-fns": {
          "version": "1.30.1",
          "bundled": true
        },
        "debug": {
          "version": "3.2.6",
          "bundled": true,
          "requires": {
            "ms": "^2.1.1"
          }
        },
        "decode-uri-component": {
          "version": "0.2.0",
          "bundled": true
        },
        "dedent": {
          "version": "0.7.0",
          "bundled": true
        },
        "define-property": {
          "version": "2.0.2",
          "bundled": true,
          "requires": {
            "is-descriptor": "^1.0.2",
            "isobject": "^3.0.1"
          },
          "dependencies": {
            "is-accessor-descriptor": {
              "version": "1.0.0",
              "bundled": true,
              "requires": {
                "kind-of": "^6.0.0"
              }
            },
            "is-data-descriptor": {
              "version": "1.0.0",
              "bundled": true,
              "requires": {
                "kind-of": "^6.0.0"
              }
            },
            "is-descriptor": {
              "version": "1.0.2",
              "bundled": true,
              "requires": {
                "is-accessor-descriptor": "^1.0.0",
                "is-data-descriptor": "^1.0.0",
                "kind-of": "^6.0.2"
              }
            }
          }
        },
        "elegant-spinner": {
          "version": "1.0.1",
          "bundled": true
        },
        "error-ex": {
          "version": "1.3.2",
          "bundled": true,
          "requires": {
            "is-arrayish": "^0.2.1"
          }
        },
        "escape-string-regexp": {
          "version": "1.0.5",
          "bundled": true
        },
        "esprima": {
          "version": "4.0.1",
          "bundled": true
        },
        "execa": {
          "version": "0.9.0",
          "bundled": true,
          "requires": {
            "cross-spawn": "^5.0.1",
            "get-stream": "^3.0.0",
            "is-stream": "^1.1.0",
            "npm-run-path": "^2.0.0",
            "p-finally": "^1.0.0",
            "signal-exit": "^3.0.0",
            "strip-eof": "^1.0.0"
          }
        },
        "expand-brackets": {
          "version": "2.1.4",
          "bundled": true,
          "requires": {
            "debug": "^2.3.3",
            "define-property": "^0.2.5",
            "extend-shallow": "^2.0.1",
            "posix-character-classes": "^0.1.0",
            "regex-not": "^1.0.0",
            "snapdragon": "^0.8.1",
            "to-regex": "^3.0.1"
          },
          "dependencies": {
            "debug": {
              "version": "2.6.9",
              "bundled": true,
              "requires": {
                "ms": "2.0.0"
              }
            },
            "define-property": {
              "version": "0.2.5",
              "bundled": true,
              "requires": {
                "is-descriptor": "^0.1.0"
              }
            },
            "extend-shallow": {
              "version": "2.0.1",
              "bundled": true,
              "requires": {
                "is-extendable": "^0.1.0"
              }
            },
            "ms": {
              "version": "2.0.0",
              "bundled": true
            }
          }
        },
        "extend-shallow": {
          "version": "3.0.2",
          "bundled": true,
          "requires": {
            "assign-symbols": "^1.0.0",
            "is-extendable": "^1.0.1"
          },
          "dependencies": {
            "is-extendable": {
              "version": "1.0.1",
              "bundled": true,
              "requires": {
                "is-plain-object": "^2.0.4"
              }
            }
          }
        },
        "extglob": {
          "version": "2.0.4",
          "bundled": true,
          "requires": {
            "array-unique": "^0.3.2",
            "define-property": "^1.0.0",
            "expand-brackets": "^2.1.4",
            "extend-shallow": "^2.0.1",
            "fragment-cache": "^0.2.1",
            "regex-not": "^1.0.0",
            "snapdragon": "^0.8.1",
            "to-regex": "^3.0.1"
          },
          "dependencies": {
            "define-property": {
              "version": "1.0.0",
              "bundled": true,
              "requires": {
                "is-descriptor": "^1.0.0"
              }
            },
            "extend-shallow": {
              "version": "2.0.1",
              "bundled": true,
              "requires": {
                "is-extendable": "^0.1.0"
              }
            },
            "is-accessor-descriptor": {
              "version": "1.0.0",
              "bundled": true,
              "requires": {
                "kind-of": "^6.0.0"
              }
            },
            "is-data-descriptor": {
              "version": "1.0.0",
              "bundled": true,
              "requires": {
                "kind-of": "^6.0.0"
              }
            },
            "is-descriptor": {
              "version": "1.0.2",
              "bundled": true,
              "requires": {
                "is-accessor-descriptor": "^1.0.0",
                "is-data-descriptor": "^1.0.0",
                "kind-of": "^6.0.2"
              }
            }
          }
        },
        "figures": {
          "version": "1.7.0",
          "bundled": true,
          "requires": {
            "escape-string-regexp": "^1.0.5",
            "object-assign": "^4.1.0"
          }
        },
        "fill-range": {
          "version": "4.0.0",
          "bundled": true,
          "requires": {
            "extend-shallow": "^2.0.1",
            "is-number": "^3.0.0",
            "repeat-string": "^1.6.1",
            "to-regex-range": "^2.1.0"
          },
          "dependencies": {
            "extend-shallow": {
              "version": "2.0.1",
              "bundled": true,
              "requires": {
                "is-extendable": "^0.1.0"
              }
            }
          }
        },
        "find-parent-dir": {
          "version": "0.3.0",
          "bundled": true
        },
        "for-in": {
          "version": "1.0.2",
          "bundled": true
        },
        "fragment-cache": {
          "version": "0.2.1",
          "bundled": true,
          "requires": {
            "map-cache": "^0.2.2"
          }
        },
        "get-own-enumerable-property-symbols": {
          "version": "3.0.0",
          "bundled": true
        },
        "get-stream": {
          "version": "3.0.0",
          "bundled": true
        },
        "get-value": {
          "version": "2.0.6",
          "bundled": true
        },
        "has-ansi": {
          "version": "2.0.0",
          "bundled": true,
          "requires": {
            "ansi-regex": "^2.0.0"
          },
          "dependencies": {
            "ansi-regex": {
              "version": "2.1.1",
              "bundled": true
            }
          }
        },
        "has-flag": {
          "version": "3.0.0",
          "bundled": true
        },
        "has-value": {
          "version": "1.0.0",
          "bundled": true,
          "requires": {
            "get-value": "^2.0.6",
            "has-values": "^1.0.0",
            "isobject": "^3.0.0"
          }
        },
        "has-values": {
          "version": "1.0.0",
          "bundled": true,
          "requires": {
            "is-number": "^3.0.0",
            "kind-of": "^4.0.0"
          },
          "dependencies": {
            "kind-of": {
              "version": "4.0.0",
              "bundled": true,
              "requires": {
                "is-buffer": "^1.1.5"
              }
            }
          }
        },
        "husky": {
          "version": "0.14.3",
          "bundled": true,
          "requires": {
            "is-ci": "^1.0.10",
            "normalize-path": "^1.0.0",
            "strip-indent": "^2.0.0"
          }
        },
        "import-fresh": {
          "version": "2.0.0",
          "bundled": true,
          "requires": {
            "caller-path": "^2.0.0",
            "resolve-from": "^3.0.0"
          }
        },
        "indent-string": {
          "version": "3.2.0",
          "bundled": true
        },
        "is-accessor-descriptor": {
          "version": "0.1.6",
          "bundled": true,
          "requires": {
            "kind-of": "^3.0.2"
          },
          "dependencies": {
            "kind-of": {
              "version": "3.2.2",
              "bundled": true,
              "requires": {
                "is-buffer": "^1.1.5"
              }
            }
          }
        },
        "is-arrayish": {
          "version": "0.2.1",
          "bundled": true
        },
        "is-buffer": {
          "version": "1.1.6",
          "bundled": true
        },
        "is-ci": {
          "version": "1.2.1",
          "bundled": true,
          "requires": {
            "ci-info": "^1.5.0"
          }
        },
        "is-data-descriptor": {
          "version": "0.1.4",
          "bundled": true,
          "requires": {
            "kind-of": "^3.0.2"
          },
          "dependencies": {
            "kind-of": {
              "version": "3.2.2",
              "bundled": true,
              "requires": {
                "is-buffer": "^1.1.5"
              }
            }
          }
        },
        "is-descriptor": {
          "version": "0.1.6",
          "bundled": true,
          "requires": {
            "is-accessor-descriptor": "^0.1.6",
            "is-data-descriptor": "^0.1.4",
            "kind-of": "^5.0.0"
          },
          "dependencies": {
            "kind-of": {
              "version": "5.1.0",
              "bundled": true
            }
          }
        },
        "is-directory": {
          "version": "0.3.1",
          "bundled": true
        },
        "is-extendable": {
          "version": "0.1.1",
          "bundled": true
        },
        "is-extglob": {
          "version": "2.1.1",
          "bundled": true
        },
        "is-fullwidth-code-point": {
          "version": "1.0.0",
          "bundled": true,
          "requires": {
            "number-is-nan": "^1.0.0"
          }
        },
        "is-glob": {
          "version": "4.0.1",
          "bundled": true,
          "requires": {
            "is-extglob": "^2.1.1"
          }
        },
        "is-number": {
          "version": "3.0.0",
          "bundled": true,
          "requires": {
            "kind-of": "^3.0.2"
          },
          "dependencies": {
            "kind-of": {
              "version": "3.2.2",
              "bundled": true,
              "requires": {
                "is-buffer": "^1.1.5"
              }
            }
          }
        },
        "is-obj": {
          "version": "1.0.1",
          "bundled": true
        },
        "is-observable": {
          "version": "1.1.0",
          "bundled": true,
          "requires": {
            "symbol-observable": "^1.1.0"
          }
        },
        "is-plain-object": {
          "version": "2.0.4",
          "bundled": true,
          "requires": {
            "isobject": "^3.0.1"
          }
        },
        "is-promise": {
          "version": "2.1.0",
          "bundled": true
        },
        "is-regexp": {
          "version": "1.0.0",
          "bundled": true
        },
        "is-stream": {
          "version": "1.1.0",
          "bundled": true
        },
        "is-windows": {
          "version": "1.0.2",
          "bundled": true
        },
        "isarray": {
          "version": "1.0.0",
          "bundled": true
        },
        "isexe": {
          "version": "2.0.0",
          "bundled": true
        },
        "isobject": {
          "version": "3.0.1",
          "bundled": true
        },
        "jest-get-type": {
          "version": "22.4.3",
          "bundled": true
        },
        "jest-validate": {
          "version": "23.6.0",
          "bundled": true,
          "requires": {
            "chalk": "^2.0.1",
            "jest-get-type": "^22.1.0",
            "leven": "^2.1.0",
            "pretty-format": "^23.6.0"
          }
        },
        "js-yaml": {
          "version": "3.13.1",
          "bundled": true,
          "requires": {
            "argparse": "^1.0.7",
            "esprima": "^4.0.0"
          }
        },
        "json-parse-better-errors": {
          "version": "1.0.2",
          "bundled": true
        },
        "kind-of": {
          "version": "6.0.2",
          "bundled": true
        },
        "leven": {
          "version": "2.1.0",
          "bundled": true
        },
        "lint-staged": {
          "version": "7.3.0",
          "bundled": true,
          "requires": {
            "chalk": "^2.3.1",
            "commander": "^2.14.1",
            "cosmiconfig": "^5.0.2",
            "debug": "^3.1.0",
            "dedent": "^0.7.0",
            "execa": "^0.9.0",
            "find-parent-dir": "^0.3.0",
            "is-glob": "^4.0.0",
            "is-windows": "^1.0.2",
            "jest-validate": "^23.5.0",
            "listr": "^0.14.1",
            "lodash": "^4.17.5",
            "log-symbols": "^2.2.0",
            "micromatch": "^3.1.8",
            "npm-which": "^3.0.1",
            "p-map": "^1.1.1",
            "path-is-inside": "^1.0.2",
            "pify": "^3.0.0",
            "please-upgrade-node": "^3.0.2",
            "staged-git-files": "1.1.1",
            "string-argv": "^0.0.2",
            "stringify-object": "^3.2.2"
          }
        },
        "listr": {
          "version": "0.14.3",
          "bundled": true,
          "requires": {
            "@samverschueren/stream-to-observable": "^0.3.0",
            "is-observable": "^1.1.0",
            "is-promise": "^2.1.0",
            "is-stream": "^1.1.0",
            "listr-silent-renderer": "^1.1.1",
            "listr-update-renderer": "^0.5.0",
            "listr-verbose-renderer": "^0.5.0",
            "p-map": "^2.0.0",
            "rxjs": "^6.3.3"
          },
          "dependencies": {
            "p-map": {
              "version": "2.1.0",
              "bundled": true
            }
          }
        },
        "listr-silent-renderer": {
          "version": "1.1.1",
          "bundled": true
        },
        "listr-update-renderer": {
          "version": "0.5.0",
          "bundled": true,
          "requires": {
            "chalk": "^1.1.3",
            "cli-truncate": "^0.2.1",
            "elegant-spinner": "^1.0.1",
            "figures": "^1.7.0",
            "indent-string": "^3.0.0",
            "log-symbols": "^1.0.2",
            "log-update": "^2.3.0",
            "strip-ansi": "^3.0.1"
          },
          "dependencies": {
            "ansi-styles": {
              "version": "2.2.1",
              "bundled": true
            },
            "chalk": {
              "version": "1.1.3",
              "bundled": true,
              "requires": {
                "ansi-styles": "^2.2.1",
                "escape-string-regexp": "^1.0.2",
                "has-ansi": "^2.0.0",
                "strip-ansi": "^3.0.0",
                "supports-color": "^2.0.0"
              }
            },
            "log-symbols": {
              "version": "1.0.2",
              "bundled": true,
              "requires": {
                "chalk": "^1.0.0"
              }
            },
            "supports-color": {
              "version": "2.0.0",
              "bundled": true
            }
          }
        },
        "listr-verbose-renderer": {
          "version": "0.5.0",
          "bundled": true,
          "requires": {
            "chalk": "^2.4.1",
            "cli-cursor": "^2.1.0",
            "date-fns": "^1.27.2",
            "figures": "^2.0.0"
          },
          "dependencies": {
            "figures": {
              "version": "2.0.0",
              "bundled": true,
              "requires": {
                "escape-string-regexp": "^1.0.5"
              }
            }
          }
        },
        "lodash": {
          "version": "4.17.15",
          "bundled": true
        },
        "log-symbols": {
          "version": "2.2.0",
          "bundled": true,
          "requires": {
            "chalk": "^2.0.1"
          }
        },
        "log-update": {
          "version": "2.3.0",
          "bundled": true,
          "requires": {
            "ansi-escapes": "^3.0.0",
            "cli-cursor": "^2.0.0",
            "wrap-ansi": "^3.0.1"
          }
        },
        "lru-cache": {
          "version": "4.1.5",
          "bundled": true,
          "requires": {
            "pseudomap": "^1.0.2",
            "yallist": "^2.1.2"
          }
        },
        "map-cache": {
          "version": "0.2.2",
          "bundled": true
        },
        "map-visit": {
          "version": "1.0.0",
          "bundled": true,
          "requires": {
            "object-visit": "^1.0.0"
          }
        },
        "micromatch": {
          "version": "3.1.10",
          "bundled": true,
          "requires": {
            "arr-diff": "^4.0.0",
            "array-unique": "^0.3.2",
            "braces": "^2.3.1",
            "define-property": "^2.0.2",
            "extend-shallow": "^3.0.2",
            "extglob": "^2.0.4",
            "fragment-cache": "^0.2.1",
            "kind-of": "^6.0.2",
            "nanomatch": "^1.2.9",
            "object.pick": "^1.3.0",
            "regex-not": "^1.0.0",
            "snapdragon": "^0.8.1",
            "to-regex": "^3.0.2"
          }
        },
        "mimic-fn": {
          "version": "1.2.0",
          "bundled": true
        },
        "mixin-deep": {
          "version": "1.3.2",
          "bundled": true,
          "requires": {
            "for-in": "^1.0.2",
            "is-extendable": "^1.0.1"
          },
          "dependencies": {
            "is-extendable": {
              "version": "1.0.1",
              "bundled": true,
              "requires": {
                "is-plain-object": "^2.0.4"
              }
            }
          }
        },
        "ms": {
          "version": "2.1.1",
          "bundled": true
        },
        "nanomatch": {
          "version": "1.2.13",
          "bundled": true,
          "requires": {
            "arr-diff": "^4.0.0",
            "array-unique": "^0.3.2",
            "define-property": "^2.0.2",
            "extend-shallow": "^3.0.2",
            "fragment-cache": "^0.2.1",
            "is-windows": "^1.0.2",
            "kind-of": "^6.0.2",
            "object.pick": "^1.3.0",
            "regex-not": "^1.0.0",
            "snapdragon": "^0.8.1",
            "to-regex": "^3.0.1"
          }
        },
        "normalize-path": {
          "version": "1.0.0",
          "bundled": true
        },
        "npm-path": {
          "version": "2.0.4",
          "bundled": true,
          "requires": {
            "which": "^1.2.10"
          }
        },
        "npm-run-path": {
          "version": "2.0.2",
          "bundled": true,
          "requires": {
            "path-key": "^2.0.0"
          }
        },
        "npm-which": {
          "version": "3.0.1",
          "bundled": true,
          "requires": {
            "commander": "^2.9.0",
            "npm-path": "^2.0.2",
            "which": "^1.2.10"
          }
        },
        "number-is-nan": {
          "version": "1.0.1",
          "bundled": true
        },
        "object-assign": {
          "version": "4.1.1",
          "bundled": true
        },
        "object-copy": {
          "version": "0.1.0",
          "bundled": true,
          "requires": {
            "copy-descriptor": "^0.1.0",
            "define-property": "^0.2.5",
            "kind-of": "^3.0.3"
          },
          "dependencies": {
            "define-property": {
              "version": "0.2.5",
              "bundled": true,
              "requires": {
                "is-descriptor": "^0.1.0"
              }
            },
            "kind-of": {
              "version": "3.2.2",
              "bundled": true,
              "requires": {
                "is-buffer": "^1.1.5"
              }
            }
          }
        },
        "object-visit": {
          "version": "1.0.1",
          "bundled": true,
          "requires": {
            "isobject": "^3.0.0"
          }
        },
        "object.pick": {
          "version": "1.3.0",
          "bundled": true,
          "requires": {
            "isobject": "^3.0.1"
          }
        },
        "onetime": {
          "version": "2.0.1",
          "bundled": true,
          "requires": {
            "mimic-fn": "^1.0.0"
          }
        },
        "p-finally": {
          "version": "1.0.0",
          "bundled": true
        },
        "p-map": {
          "version": "1.2.0",
          "bundled": true
        },
        "parse-json": {
          "version": "4.0.0",
          "bundled": true,
          "requires": {
            "error-ex": "^1.3.1",
            "json-parse-better-errors": "^1.0.1"
          }
        },
        "pascalcase": {
          "version": "0.1.1",
          "bundled": true
        },
        "path-is-inside": {
          "version": "1.0.2",
          "bundled": true
        },
        "path-key": {
          "version": "2.0.1",
          "bundled": true
        },
        "pify": {
          "version": "3.0.0",
          "bundled": true
        },
        "please-upgrade-node": {
          "version": "3.1.1",
          "bundled": true,
          "requires": {
            "semver-compare": "^1.0.0"
          }
        },
        "posix-character-classes": {
          "version": "0.1.1",
          "bundled": true
        },
        "pretty-format": {
          "version": "23.6.0",
          "bundled": true,
          "requires": {
            "ansi-regex": "^3.0.0",
            "ansi-styles": "^3.2.0"
          }
        },
        "pseudomap": {
          "version": "1.0.2",
          "bundled": true
        },
        "regex-not": {
          "version": "1.0.2",
          "bundled": true,
          "requires": {
            "extend-shallow": "^3.0.2",
            "safe-regex": "^1.1.0"
          }
        },
        "repeat-element": {
          "version": "1.1.3",
          "bundled": true
        },
        "repeat-string": {
          "version": "1.6.1",
          "bundled": true
        },
        "resolve-from": {
          "version": "3.0.0",
          "bundled": true
        },
        "resolve-url": {
          "version": "0.2.1",
          "bundled": true
        },
        "restore-cursor": {
          "version": "2.0.0",
          "bundled": true,
          "requires": {
            "onetime": "^2.0.0",
            "signal-exit": "^3.0.2"
          }
        },
        "ret": {
          "version": "0.1.15",
          "bundled": true
        },
        "rxjs": {
          "version": "6.4.0",
          "bundled": true,
          "requires": {
            "tslib": "^1.9.0"
          }
        },
        "safe-regex": {
          "version": "1.1.0",
          "bundled": true,
          "requires": {
            "ret": "~0.1.10"
          }
        },
        "sax": {
          "version": "1.2.4",
          "bundled": true
        },
        "semver-compare": {
          "version": "1.0.0",
          "bundled": true
        },
        "set-value": {
          "version": "2.0.1",
          "bundled": true,
          "requires": {
            "extend-shallow": "^2.0.1",
            "is-extendable": "^0.1.1",
            "is-plain-object": "^2.0.3",
            "split-string": "^3.0.1"
          },
          "dependencies": {
            "extend-shallow": {
              "version": "2.0.1",
              "bundled": true,
              "requires": {
                "is-extendable": "^0.1.0"
              }
            }
          }
        },
        "shebang-command": {
          "version": "1.2.0",
          "bundled": true,
          "requires": {
            "shebang-regex": "^1.0.0"
          }
        },
        "shebang-regex": {
          "version": "1.0.0",
          "bundled": true
        },
        "signal-exit": {
          "version": "3.0.2",
          "bundled": true
        },
        "slice-ansi": {
          "version": "0.0.4",
          "bundled": true
        },
        "snapdragon": {
          "version": "0.8.2",
          "bundled": true,
          "requires": {
            "base": "^0.11.1",
            "debug": "^2.2.0",
            "define-property": "^0.2.5",
            "extend-shallow": "^2.0.1",
            "map-cache": "^0.2.2",
            "source-map": "^0.5.6",
            "source-map-resolve": "^0.5.0",
            "use": "^3.1.0"
          },
          "dependencies": {
            "debug": {
              "version": "2.6.9",
              "bundled": true,
              "requires": {
                "ms": "2.0.0"
              }
            },
            "define-property": {
              "version": "0.2.5",
              "bundled": true,
              "requires": {
                "is-descriptor": "^0.1.0"
              }
            },
            "extend-shallow": {
              "version": "2.0.1",
              "bundled": true,
              "requires": {
                "is-extendable": "^0.1.0"
              }
            },
            "ms": {
              "version": "2.0.0",
              "bundled": true
            }
          }
        },
        "snapdragon-node": {
          "version": "2.1.1",
          "bundled": true,
          "requires": {
            "define-property": "^1.0.0",
            "isobject": "^3.0.0",
            "snapdragon-util": "^3.0.1"
          },
          "dependencies": {
            "define-property": {
              "version": "1.0.0",
              "bundled": true,
              "requires": {
                "is-descriptor": "^1.0.0"
              }
            },
            "is-accessor-descriptor": {
              "version": "1.0.0",
              "bundled": true,
              "requires": {
                "kind-of": "^6.0.0"
              }
            },
            "is-data-descriptor": {
              "version": "1.0.0",
              "bundled": true,
              "requires": {
                "kind-of": "^6.0.0"
              }
            },
            "is-descriptor": {
              "version": "1.0.2",
              "bundled": true,
              "requires": {
                "is-accessor-descriptor": "^1.0.0",
                "is-data-descriptor": "^1.0.0",
                "kind-of": "^6.0.2"
              }
            }
          }
        },
        "snapdragon-util": {
          "version": "3.0.1",
          "bundled": true,
          "requires": {
            "kind-of": "^3.2.0"
          },
          "dependencies": {
            "kind-of": {
              "version": "3.2.2",
              "bundled": true,
              "requires": {
                "is-buffer": "^1.1.5"
              }
            }
          }
        },
        "source-map": {
          "version": "0.5.7",
          "bundled": true
        },
        "source-map-resolve": {
          "version": "0.5.2",
          "bundled": true,
          "requires": {
            "atob": "^2.1.1",
            "decode-uri-component": "^0.2.0",
            "resolve-url": "^0.2.1",
            "source-map-url": "^0.4.0",
            "urix": "^0.1.0"
          }
        },
        "source-map-url": {
          "version": "0.4.0",
          "bundled": true
        },
        "split-string": {
          "version": "3.1.0",
          "bundled": true,
          "requires": {
            "extend-shallow": "^3.0.0"
          }
        },
        "sprintf-js": {
          "version": "1.0.3",
          "bundled": true
        },
        "staged-git-files": {
          "version": "1.1.1",
          "bundled": true
        },
        "static-extend": {
          "version": "0.1.2",
          "bundled": true,
          "requires": {
            "define-property": "^0.2.5",
            "object-copy": "^0.1.0"
          },
          "dependencies": {
            "define-property": {
              "version": "0.2.5",
              "bundled": true,
              "requires": {
                "is-descriptor": "^0.1.0"
              }
            }
          }
        },
        "string-argv": {
          "version": "0.0.2",
          "bundled": true
        },
        "string-width": {
          "version": "1.0.2",
          "bundled": true,
          "requires": {
            "code-point-at": "^1.0.0",
            "is-fullwidth-code-point": "^1.0.0",
            "strip-ansi": "^3.0.0"
          }
        },
        "stringify-object": {
          "version": "3.3.0",
          "bundled": true,
          "requires": {
            "get-own-enumerable-property-symbols": "^3.0.0",
            "is-obj": "^1.0.1",
            "is-regexp": "^1.0.0"
          }
        },
        "strip-ansi": {
          "version": "3.0.1",
          "bundled": true,
          "requires": {
            "ansi-regex": "^2.0.0"
          },
          "dependencies": {
            "ansi-regex": {
              "version": "2.1.1",
              "bundled": true
            }
          }
        },
        "strip-eof": {
          "version": "1.0.0",
          "bundled": true
        },
        "strip-indent": {
          "version": "2.0.0",
          "bundled": true
        },
        "supports-color": {
          "version": "5.5.0",
          "bundled": true,
          "requires": {
            "has-flag": "^3.0.0"
          }
        },
        "symbol-observable": {
          "version": "1.2.0",
          "bundled": true
        },
        "to-object-path": {
          "version": "0.3.0",
          "bundled": true,
          "requires": {
            "kind-of": "^3.0.2"
          },
          "dependencies": {
            "kind-of": {
              "version": "3.2.2",
              "bundled": true,
              "requires": {
                "is-buffer": "^1.1.5"
              }
            }
          }
        },
        "to-regex": {
          "version": "3.0.2",
          "bundled": true,
          "requires": {
            "define-property": "^2.0.2",
            "extend-shallow": "^3.0.2",
            "regex-not": "^1.0.2",
            "safe-regex": "^1.1.0"
          }
        },
        "to-regex-range": {
          "version": "2.1.1",
          "bundled": true,
          "requires": {
            "is-number": "^3.0.0",
            "repeat-string": "^1.6.1"
          }
        },
        "tslib": {
          "version": "1.9.3",
          "bundled": true
        },
        "typescript": {
          "version": "3.6.2",
          "bundled": true
        },
        "union-value": {
          "version": "1.0.1",
          "bundled": true,
          "requires": {
            "arr-union": "^3.1.0",
            "get-value": "^2.0.6",
            "is-extendable": "^0.1.1",
            "set-value": "^2.0.1"
          }
        },
        "unset-value": {
          "version": "1.0.0",
          "bundled": true,
          "requires": {
            "has-value": "^0.3.1",
            "isobject": "^3.0.0"
          },
          "dependencies": {
            "has-value": {
              "version": "0.3.1",
              "bundled": true,
              "requires": {
                "get-value": "^2.0.3",
                "has-values": "^0.1.4",
                "isobject": "^2.0.0"
              },
              "dependencies": {
                "isobject": {
                  "version": "2.1.0",
                  "bundled": true,
                  "requires": {
                    "isarray": "1.0.0"
                  }
                }
              }
            },
            "has-values": {
              "version": "0.1.4",
              "bundled": true
            }
          }
        },
        "urix": {
          "version": "0.1.0",
          "bundled": true
        },
        "use": {
          "version": "3.1.1",
          "bundled": true
        },
        "which": {
          "version": "1.3.1",
          "bundled": true,
          "requires": {
            "isexe": "^2.0.0"
          }
        },
        "wrap-ansi": {
          "version": "3.0.1",
          "bundled": true,
          "requires": {
            "string-width": "^2.1.1",
            "strip-ansi": "^4.0.0"
          },
          "dependencies": {
            "is-fullwidth-code-point": {
              "version": "2.0.0",
              "bundled": true
            },
            "string-width": {
              "version": "2.1.1",
              "bundled": true,
              "requires": {
                "is-fullwidth-code-point": "^2.0.0",
                "strip-ansi": "^4.0.0"
              }
            },
            "strip-ansi": {
              "version": "4.0.0",
              "bundled": true,
              "requires": {
                "ansi-regex": "^3.0.0"
              }
            }
          }
        },
        "xml-js": {
          "version": "1.6.11",
          "bundled": true,
          "requires": {
            "sax": "^1.2.4"
          }
        },
        "yallist": {
          "version": "2.1.2",
          "bundled": true
        }
      }
    },
    "typescript": {
      "version": "3.6.2",
      "resolved": "https://registry.npmjs.org/typescript/-/typescript-3.6.2.tgz",
      "integrity": "sha512-lmQ4L+J6mnu3xweP8+rOrUwzmN+MRAj7TgtJtDaXE5PMyX2kCrklhg3rvOsOIfNeAWMQWO2F1GPc1kMD2vLAfw==",
      "dev": true
    },
    "typescript-compare": {
      "version": "0.0.2",
      "resolved": "https://registry.npmjs.org/typescript-compare/-/typescript-compare-0.0.2.tgz",
      "integrity": "sha512-8ja4j7pMHkfLJQO2/8tut7ub+J3Lw2S3061eJLFQcvs3tsmJKp8KG5NtpLn7KcY2w08edF74BSVN7qJS0U6oHA==",
      "requires": {
        "typescript-logic": "^0.0.0"
      }
    },
    "typescript-logic": {
      "version": "0.0.0",
      "resolved": "https://registry.npmjs.org/typescript-logic/-/typescript-logic-0.0.0.tgz",
      "integrity": "sha512-zXFars5LUkI3zP492ls0VskH3TtdeHCqu0i7/duGt60i5IGPIpAHE/DWo5FqJ6EjQ15YKXrt+AETjv60Dat34Q=="
    },
    "typescript-tuple": {
      "version": "2.2.1",
      "resolved": "https://registry.npmjs.org/typescript-tuple/-/typescript-tuple-2.2.1.tgz",
      "integrity": "sha512-Zcr0lbt8z5ZdEzERHAMAniTiIKerFCMgd7yjq1fPnDJ43et/k9twIFQMUYff9k5oXcsQ0WpvFcgzK2ZKASoW6Q==",
      "requires": {
        "typescript-compare": "^0.0.2"
      }
    }
  }
}
