# THIS IS AN AUTOGENERATED FILE. DO NOT EDIT THIS FILE DIRECTLY.
# yarn lockfile v1


detect-font@^0.1.3:
  version "0.1.3"
  resolved "https://registry.yarnpkg.com/detect-font/-/detect-font-0.1.3.tgz#49f892669fe3e2412878b1e7c22f5d41d402cd21"
  dependencies:
    is-element "^0.1.0"

is-element@^0.1.0:
  version "0.1.0"
  resolved "https://registry.yarnpkg.com/is-element/-/is-element-0.1.0.tgz#c43478df14ab02b7c66d7498fb5456600bfef1fb"
