{
  "name": "paperclip-react-compiler",
  "version": "11.0.3",
  "lockfileVersion": 1,
  "requires": true,
  "dependencies": {
    "lodash": {
      "version": "4.17.15",
      "resolved": "https://registry.npmjs.org/lodash/-/lodash-4.17.15.tgz",
      "integrity": "sha512-8xOcRHvCjnocdS5cpwXQXVzmmh5e5+saE2QGoeQmbKmRS6J3VQppPOIt0MnmE+4xlZoumy0GPG0D0MVIQbNA1A=="
    },
    "paperclip-styles-compiler": {
      "version": "11.0.3",
      "resolved": "https://registry.npmjs.org/paperclip-styles-compiler/-/paperclip-styles-compiler-11.0.3.tgz",
      "integrity": "sha512-pO/AX7OBU/cQnblnbWPEjsnhfGqBMhBVKHLTT/gYTD3mKYwj4h5FV9PrQT8v4I5VMfkBcvymibYZtbOJrCqoyA==",
      "requires": {
        "typescript": "^3.7.5"
      }
    },
    "typescript": {
      "version": "3.7.5",
      "resolved": "https://registry.npmjs.org/typescript/-/typescript-3.7.5.tgz",
      "integrity": "sha512-/P5lkRXkWHNAbcJIiHPfRoKqyd7bsyCma1hZNUGfn20qm64T6ZBlrzprymeu918H+mB/0rIg2gGK/BXkhhYgBw=="
    }
  }
}
